name: Update flake lock

on:
  push:
    branches: [main]

jobs:
  update-flake-lock-multiple-dirs:
    name: Update flake lock
    runs-on: ubuntu-22.04
    steps:
      - uses: actions/checkout@v4
      - uses: DeterminateSystems/nix-installer-action@main
      - uses: DeterminateSystems/update-flake-lock@multiple-flake-dirs-ts
        with:
          flake-dirs: |
            .
            subflake1
            subflake2
